<?xml version="1.0" encoding="utf-8"?>
<Project ToolsVersion="4.0" xmlns="http://schemas.microsoft.com/developer/msbuild/2003">
  <ItemGroup>
    <Filter Include="资源文件">
      <UniqueIdentifier>{67DA6AB6-F800-4c08-8B7A-83BB121AAD01}</UniqueIdentifier>
      <Extensions>rc;ico;cur;bmp;dlg;rc2;rct;bin;rgs;gif;jpg;jpeg;jpe;resx;tiff;tif;png;wav;mfcribbon-ms</Extensions>
    </Filter>
    <Filter Include="head">
      <UniqueIdentifier>{93995380-89BD-4b04-88EB-625FBE52EBFB}</UniqueIdentifier>
      <Extensions>h;hh;hpp;hxx;h++;hm;inl;inc;ipp;xsd</Extensions>
    </Filter>
    <Filter Include="src">
      <UniqueIdentifier>{4FC737F1-C7A5-4376-A066-2A32D752A2FF}</UniqueIdentifier>
      <Extensions>cpp;c;cc;cxx;c++;cppm;ixx;def;odl;idl;hpj;bat;asm;asmx</Extensions>
    </Filter>
    <Filter Include="common">
      <UniqueIdentifier>{d060f9c4-d494-4a28-9a28-6f5192f3bcde}</UniqueIdentifier>
    </Filter>
    <Filter Include="test_stl">
      <UniqueIdentifier>{1c9dd19e-f6c5-4909-8c0b-95ca45e90d5f}</UniqueIdentifier>
    </Filter>
    <Filter Include="test_eg">
      <UniqueIdentifier>{da15fabd-93e3-4c44-bdc1-4661484ac778}</UniqueIdentifier>
    </Filter>
    <Filter Include="test_gram">
      <UniqueIdentifier>{adb269f5-b6df-4283-841b-f171aab79122}</UniqueIdentifier>
    </Filter>
    <Filter Include="test_dsa">
      <UniqueIdentifier>{faf8e5ff-0ef8-49ee-9cc3-d3a2a2c78262}</UniqueIdentifier>
    </Filter>
    <Filter Include="test_template">
      <UniqueIdentifier>{69181f03-4b47-4a30-9afc-feb3fb814b3a}</UniqueIdentifier>
    </Filter>
    <Filter Include="design_pattern">
      <UniqueIdentifier>{fad63b5c-db31-4022-a047-ded44ba1a370}</UniqueIdentifier>
    </Filter>
    <Filter Include="test_math">
      <UniqueIdentifier>{ab0f9f34-e60c-4037-b9de-ff1246a48bea}</UniqueIdentifier>
    </Filter>
    <Filter Include="test_paste">
      <UniqueIdentifier>{7db03efe-7c52-4f06-b2b9-61647caf6103}</UniqueIdentifier>
    </Filter>
    <Filter Include="test_case">
      <UniqueIdentifier>{137ff279-6265-431b-93cf-095b8a1c9b50}</UniqueIdentifier>
    </Filter>
    <Filter Include="test_thread">
      <UniqueIdentifier>{36f8d27e-e62a-4a23-9ae7-7eae5efe27d4}</UniqueIdentifier>
    </Filter>
    <Filter Include="test_triangle">
      <UniqueIdentifier>{d75b882f-e37a-4826-a646-5b6d0ef51577}</UniqueIdentifier>
    </Filter>
    <Filter Include="test_bin">
      <UniqueIdentifier>{d1dda523-7d2c-4073-9e11-04735d696ee9}</UniqueIdentifier>
    </Filter>
  </ItemGroup>
  <ItemGroup>
    <ClCompile Include="main.cpp">
      <Filter>common</Filter>
    </ClCompile>
    <ClCompile Include="pch.cpp">
      <Filter>common</Filter>
    </ClCompile>
    <ClCompile Include="test_tree.cpp">
      <Filter>test_stl</Filter>
    </ClCompile>
    <ClCompile Include="test_vector.cpp">
      <Filter>test_stl</Filter>
    </ClCompile>
    <ClCompile Include="test_file.cpp">
      <Filter>test_eg</Filter>
    </ClCompile>
    <ClCompile Include="test_hash.cpp">
      <Filter>test_eg</Filter>
    </ClCompile>
    <ClCompile Include="test_lambda.cpp">
      <Filter>test_eg</Filter>
    </ClCompile>
    <ClCompile Include="test_memory_leak.cpp">
      <Filter>test_eg</Filter>
    </ClCompile>
    <ClCompile Include="test_recursion.cpp">
      <Filter>test_eg</Filter>
    </ClCompile>
    <ClCompile Include="test_regular .cpp">
      <Filter>test_eg</Filter>
    </ClCompile>
    <ClCompile Include="test_type.cpp">
      <Filter>test_eg</Filter>
    </ClCompile>
    <ClCompile Include="test_stl.cpp">
      <Filter>test_stl</Filter>
    </ClCompile>
    <ClCompile Include="test_pointer.cpp">
      <Filter>test_thread</Filter>
    </ClCompile>
    <ClCompile Include="test_atomic.cpp">
      <Filter>test_thread</Filter>
    </ClCompile>
    <ClCompile Include="test_thread.cpp">
      <Filter>test_thread</Filter>
    </ClCompile>
    <ClCompile Include="test_set.cpp">
      <Filter>test_stl</Filter>
    </ClCompile>
    <ClCompile Include="test_object_pool.cpp">
      <Filter>design_pattern</Filter>
    </ClCompile>
    <ClCompile Include="test_factory.cpp">
      <Filter>design_pattern</Filter>
    </ClCompile>
    <ClCompile Include="test_cache.cpp">
      <Filter>design_pattern</Filter>
    </ClCompile>
    <ClCompile Include="test_construct.cpp">
      <Filter>test_gram</Filter>
    </ClCompile>
    <ClCompile Include="test_class.cpp">
      <Filter>test_gram</Filter>
    </ClCompile>
    <ClCompile Include="test_class_cast.cpp">
      <Filter>test_gram</Filter>
    </ClCompile>
    <ClCompile Include="test_dsa01.cpp">
      <Filter>test_dsa</Filter>
    </ClCompile>
    <ClCompile Include="test_alg.cpp">
      <Filter>test_dsa</Filter>
    </ClCompile>
    <ClCompile Include="test_ope.cpp">
      <Filter>test_template</Filter>
    </ClCompile>
    <ClCompile Include="test_overload.cpp">
      <Filter>test_gram</Filter>
    </ClCompile>
    <ClCompile Include="test_template1.cpp">
      <Filter>test_template</Filter>
    </ClCompile>
    <ClCompile Include="test_template0.cpp">
      <Filter>test_template</Filter>
    </ClCompile>
    <ClCompile Include="test_sgt.cpp">
      <Filter>design_pattern</Filter>
    </ClCompile>
    <ClCompile Include="test_math.cpp">
      <Filter>test_math</Filter>
    </ClCompile>
    <ClCompile Include="test_matrix.cpp">
      <Filter>test_math</Filter>
    </ClCompile>
    <ClCompile Include="test_refer.cpp">
      <Filter>test_gram</Filter>
    </ClCompile>
    <ClCompile Include="test_eigen.cpp">
      <Filter>test_math</Filter>
    </ClCompile>
    <ClCompile Include="test_map.cpp">
      <Filter>test_stl</Filter>
    </ClCompile>
    <ClCompile Include="test_memfn.cpp">
      <Filter>test_template</Filter>
    </ClCompile>
    <ClCompile Include="test_template2.cpp">
      <Filter>test_template</Filter>
    </ClCompile>
    <ClCompile Include="test_cast.cpp">
      <Filter>test_gram</Filter>
    </ClCompile>
    <ClCompile Include="test_paste1.cpp">
      <Filter>test_paste</Filter>
    </ClCompile>
    <ClCompile Include="test_omp.cpp">
      <Filter>test_thread</Filter>
    </ClCompile>
    <ClCompile Include="test_speed.cpp">
      <Filter>test_math</Filter>
    </ClCompile>
    <ClCompile Include="test_case_triangle.cpp">
      <Filter>test_case</Filter>
    </ClCompile>
    <ClCompile Include="calculateTriangle.cpp">
      <Filter>test_triangle</Filter>
    </ClCompile>
    <ClCompile Include="my_class_fun.cpp">
      <Filter>test_triangle</Filter>
    </ClCompile>
    <ClCompile Include="test_triangle_intersect.cpp">
      <Filter>test_triangle</Filter>
    </ClCompile>
    <ClCompile Include="test_function.cpp">
      <Filter>test_gram</Filter>
    </ClCompile>
    <ClCompile Include="test_serialize.cpp">
      <Filter>test_bin</Filter>
    </ClCompile>
    <ClCompile Include="test_file_rw.cpp">
      <Filter>test_bin</Filter>
    </ClCompile>
    <ClCompile Include="test_calculate0.cpp">
      <Filter>test_math</Filter>
    </ClCompile>
    <ClCompile Include="test_fun_speed.cpp">
      <Filter>test_case</Filter>
    </ClCompile>
    <ClCompile Include="my_geometry.cpp">
      <Filter>test_math</Filter>
    </ClCompile>
    <ClCompile Include="test_boost.cpp">
      <Filter>test_gram</Filter>
    </ClCompile>
    <ClCompile Include="test_extern.cpp">
      <Filter>test_gram</Filter>
    </ClCompile>
    <ClCompile Include="test_rtti.cpp">
      <Filter>test_gram</Filter>
    </ClCompile>
    <ClCompile Include="calculatePolyhedron.cpp">
      <Filter>src</Filter>
    </ClCompile>
  </ItemGroup>
  <ItemGroup>
    <ClInclude Include="pch.h">
      <Filter>common</Filter>
    </ClInclude>
    <ClInclude Include="test_template0.h">
      <Filter>test_template</Filter>
    </ClInclude>
    <ClInclude Include="calculateTriangle.h">
      <Filter>test_triangle</Filter>
    </ClInclude>
    <ClInclude Include="my_class_fun.h">
      <Filter>test_triangle</Filter>
    </ClInclude>
    <ClInclude Include="test_triangle_intersect.h">
      <Filter>test_triangle</Filter>
    </ClInclude>
    <ClInclude Include="test_function.h">
      <Filter>test_gram</Filter>
    </ClInclude>
    <ClInclude Include="test_serialize.h">
      <Filter>test_bin</Filter>
    </ClInclude>
    <ClInclude Include="test_file_rw.h">
      <Filter>test_bin</Filter>
    </ClInclude>
    <ClInclude Include="my_geometry.h">
      <Filter>test_math</Filter>
    </ClInclude>
    <ClInclude Include="calculatePolyhedron.h">
      <Filter>head</Filter>
    </ClInclude>
  </ItemGroup>
</Project>