<?xml version="1.0" encoding="utf-8"?>
<Project ToolsVersion="4.0" xmlns="http://schemas.microsoft.com/developer/msbuild/2003">
  <ItemGroup>
    <Filter Include="资源文件">
      <UniqueIdentifier>{67DA6AB6-F800-4c08-8B7A-83BB121AAD01}</UniqueIdentifier>
      <Extensions>rc;ico;cur;bmp;dlg;rc2;rct;bin;rgs;gif;jpg;jpeg;jpe;resx;tiff;tif;png;wav;mfcribbon-ms</Extensions>
    </Filter>
    <Filter Include="common">
      <UniqueIdentifier>{d060f9c4-d494-4a28-9a28-6f5192f3bcde}</UniqueIdentifier>
    </Filter>
    <Filter Include="test_stl">
      <UniqueIdentifier>{1c9dd19e-f6c5-4909-8c0b-95ca45e90d5f}</UniqueIdentifier>
    </Filter>
    <Filter Include="test_eg">
      <UniqueIdentifier>{da15fabd-93e3-4c44-bdc1-4661484ac778}</UniqueIdentifier>
    </Filter>
    <Filter Include="test_gram">
      <UniqueIdentifier>{adb269f5-b6df-4283-841b-f171aab79122}</UniqueIdentifier>
    </Filter>
    <Filter Include="test_dsa">
      <UniqueIdentifier>{faf8e5ff-0ef8-49ee-9cc3-d3a2a2c78262}</UniqueIdentifier>
    </Filter>
    <Filter Include="test_template">
      <UniqueIdentifier>{69181f03-4b47-4a30-9afc-feb3fb814b3a}</UniqueIdentifier>
    </Filter>
    <Filter Include="test_math">
      <UniqueIdentifier>{ab0f9f34-e60c-4037-b9de-ff1246a48bea}</UniqueIdentifier>
    </Filter>
    <Filter Include="test_case">
      <UniqueIdentifier>{137ff279-6265-431b-93cf-095b8a1c9b50}</UniqueIdentifier>
    </Filter>
    <Filter Include="test_thread">
      <UniqueIdentifier>{36f8d27e-e62a-4a23-9ae7-7eae5efe27d4}</UniqueIdentifier>
    </Filter>
    <Filter Include="test_pattern">
      <UniqueIdentifier>{bc964f22-f8dc-4621-a47d-f5eebd3d32d8}</UniqueIdentifier>
    </Filter>
    <Filter Include="test_geo">
      <UniqueIdentifier>{dcdbed48-48dc-468b-9a20-d913423e5a9e}</UniqueIdentifier>
    </Filter>
    <Filter Include="test_serialize">
      <UniqueIdentifier>{d1dda523-7d2c-4073-9e11-04735d696ee9}</UniqueIdentifier>
    </Filter>
  </ItemGroup>
  <ItemGroup>
    <ClCompile Include="main.cpp">
      <Filter>common</Filter>
    </ClCompile>
    <ClCompile Include="pch.cpp">
      <Filter>common</Filter>
    </ClCompile>
    <ClCompile Include="test_tree.cpp">
      <Filter>test_stl</Filter>
    </ClCompile>
    <ClCompile Include="test_vector.cpp">
      <Filter>test_stl</Filter>
    </ClCompile>
    <ClCompile Include="test_file.cpp">
      <Filter>test_eg</Filter>
    </ClCompile>
    <ClCompile Include="test_hash.cpp">
      <Filter>test_eg</Filter>
    </ClCompile>
    <ClCompile Include="test_lambda.cpp">
      <Filter>test_eg</Filter>
    </ClCompile>
    <ClCompile Include="test_memory.cpp">
      <Filter>test_eg</Filter>
    </ClCompile>
    <ClCompile Include="test_recursion.cpp">
      <Filter>test_eg</Filter>
    </ClCompile>
    <ClCompile Include="test_regular .cpp">
      <Filter>test_eg</Filter>
    </ClCompile>
    <ClCompile Include="test_type.cpp">
      <Filter>test_eg</Filter>
    </ClCompile>
    <ClCompile Include="test_stl.cpp">
      <Filter>test_stl</Filter>
    </ClCompile>
    <ClCompile Include="test_set.cpp">
      <Filter>test_stl</Filter>
    </ClCompile>
    <ClCompile Include="test_construct.cpp">
      <Filter>test_gram</Filter>
    </ClCompile>
    <ClCompile Include="test_class.cpp">
      <Filter>test_gram</Filter>
    </ClCompile>
    <ClCompile Include="test_class_cast.cpp">
      <Filter>test_gram</Filter>
    </ClCompile>
    <ClCompile Include="test_dsa01.cpp">
      <Filter>test_dsa</Filter>
    </ClCompile>
    <ClCompile Include="test_alg.cpp">
      <Filter>test_dsa</Filter>
    </ClCompile>
    <ClCompile Include="test_ope.cpp">
      <Filter>test_template</Filter>
    </ClCompile>
    <ClCompile Include="test_overload.cpp">
      <Filter>test_gram</Filter>
    </ClCompile>
    <ClCompile Include="test_template1.cpp">
      <Filter>test_template</Filter>
    </ClCompile>
    <ClCompile Include="test_math.cpp">
      <Filter>test_math</Filter>
    </ClCompile>
    <ClCompile Include="test_matrix.cpp">
      <Filter>test_math</Filter>
    </ClCompile>
    <ClCompile Include="test_refer.cpp">
      <Filter>test_gram</Filter>
    </ClCompile>
    <ClCompile Include="test_eigen.cpp">
      <Filter>test_math</Filter>
    </ClCompile>
    <ClCompile Include="test_map.cpp">
      <Filter>test_stl</Filter>
    </ClCompile>
    <ClCompile Include="test_memfn.cpp">
      <Filter>test_template</Filter>
    </ClCompile>
    <ClCompile Include="test_template2.cpp">
      <Filter>test_template</Filter>
    </ClCompile>
    <ClCompile Include="test_cast.cpp">
      <Filter>test_gram</Filter>
    </ClCompile>
    <ClCompile Include="test_omp.cpp">
      <Filter>test_thread</Filter>
    </ClCompile>
    <ClCompile Include="test_speed.cpp">
      <Filter>test_math</Filter>
    </ClCompile>
    <ClCompile Include="test_case_triangle.cpp">
      <Filter>test_case</Filter>
    </ClCompile>
    <ClCompile Include="test_fun_speed.cpp">
      <Filter>test_case</Filter>
    </ClCompile>
    <ClCompile Include="test_extern.cpp">
      <Filter>test_gram</Filter>
    </ClCompile>
    <ClCompile Include="test_rtti.cpp">
      <Filter>test_gram</Filter>
    </ClCompile>
    <ClCompile Include="test_cache.cpp">
      <Filter>test_pattern</Filter>
    </ClCompile>
    <ClCompile Include="test_factory.cpp">
      <Filter>test_pattern</Filter>
    </ClCompile>
    <ClCompile Include="test_object_pool.cpp">
      <Filter>test_pattern</Filter>
    </ClCompile>
    <ClCompile Include="test_sgt.cpp">
      <Filter>test_pattern</Filter>
    </ClCompile>
    <ClCompile Include="test_pointer.cpp">
      <Filter>test_gram</Filter>
    </ClCompile>
    <ClCompile Include="test_clipper.cpp">
      <Filter>test_case</Filter>
    </ClCompile>
    <ClCompile Include="test_data_tree.cpp">
      <Filter>test_case</Filter>
    </ClCompile>
    <ClCompile Include="test_triangle_intersect.cpp">
      <Filter>test_case</Filter>
    </ClCompile>
    <ClCompile Include="test_paste1.cpp">
      <Filter>test_eg</Filter>
    </ClCompile>
    <ClCompile Include="test_data_structure.cpp">
      <Filter>test_dsa</Filter>
    </ClCompile>
    <ClCompile Include="test_singleton.cpp">
      <Filter>test_pattern</Filter>
    </ClCompile>
    <ClCompile Include="test_singleton2.cpp">
      <Filter>test_pattern</Filter>
    </ClCompile>
    <ClCompile Include="test_geometry.cpp">
      <Filter>test_geo</Filter>
    </ClCompile>
    <ClCompile Include="test_cpt_geo.cpp">
      <Filter>test_geo</Filter>
    </ClCompile>
    <ClCompile Include="test_geo.cpp">
      <Filter>test_geo</Filter>
    </ClCompile>
    <ClCompile Include="test_interview.cpp">
      <Filter>test_gram</Filter>
    </ClCompile>
    <ClCompile Include="test_binfile_debug.cpp">
      <Filter>test_serialize</Filter>
    </ClCompile>
    <ClCompile Include="test_serialize.cpp">
      <Filter>test_serialize</Filter>
    </ClCompile>
    <ClCompile Include="test_string.cpp">
      <Filter>test_stl</Filter>
    </ClCompile>
    <ClCompile Include="test_precision.cpp">
      <Filter>test_case</Filter>
    </ClCompile>
    <ClCompile Include="test_thread_1.cpp">
      <Filter>test_thread</Filter>
    </ClCompile>
    <ClCompile Include="test_thread_2.cpp">
      <Filter>test_thread</Filter>
    </ClCompile>
    <ClCompile Include="test_thread_3.cpp">
      <Filter>test_thread</Filter>
    </ClCompile>
    <ClCompile Include="test_thread_4.cpp">
      <Filter>test_thread</Filter>
    </ClCompile>
    <ClCompile Include="test_thread_pool.cpp">
      <Filter>test_thread</Filter>
    </ClCompile>
  </ItemGroup>
  <ItemGroup>
    <ClInclude Include="pch.h">
      <Filter>common</Filter>
    </ClInclude>
    <ClInclude Include="test_serialize.h">
      <Filter>test_serialize</Filter>
    </ClInclude>
    <ClInclude Include="test_singleton.h">
      <Filter>test_pattern</Filter>
    </ClInclude>
    <ClInclude Include="test_singleton2.h">
      <Filter>test_pattern</Filter>
    </ClInclude>
    <ClInclude Include="test_cpt_geo.h">
      <Filter>test_geo</Filter>
    </ClInclude>
  </ItemGroup>
</Project>