<?xml version="1.0" encoding="utf-8"?>
<Project ToolsVersion="4.0" xmlns="http://schemas.microsoft.com/developer/msbuild/2003">
  <ItemGroup>
    <Filter Include="资源文件">
      <UniqueIdentifier>{67DA6AB6-F800-4c08-8B7A-83BB121AAD01}</UniqueIdentifier>
      <Extensions>rc;ico;cur;bmp;dlg;rc2;rct;bin;rgs;gif;jpg;jpeg;jpe;resx;tiff;tif;png;wav;mfcribbon-ms</Extensions>
    </Filter>
    <Filter Include="algorithm">
      <UniqueIdentifier>{4FC737F1-C7A5-4376-A066-2A32D752A2FF}</UniqueIdentifier>
      <Extensions>cpp;c;cc;cxx;c++;cppm;ixx;def;odl;idl;hpj;bat;asm;asmx</Extensions>
    </Filter>
    <Filter Include="common">
      <UniqueIdentifier>{93995380-89BD-4b04-88EB-625FBE52EBFB}</UniqueIdentifier>
      <Extensions>h;hh;hpp;hxx;h++;hm;inl;inc;ipp;xsd</Extensions>
    </Filter>
  </ItemGroup>
  <ItemGroup>
    <ClCompile Include="pch.cpp">
      <Filter>common</Filter>
    </ClCompile>
    <ClCompile Include="calculateDataTree.cpp">
      <Filter>algorithm</Filter>
    </ClCompile>
    <ClCompile Include="calculatePolyhedron.cpp">
      <Filter>algorithm</Filter>
    </ClCompile>
    <ClCompile Include="calculateTriangle.cpp">
      <Filter>algorithm</Filter>
    </ClCompile>
    <ClCompile Include="calculateVertorMatrix.cpp">
      <Filter>algorithm</Filter>
    </ClCompile>
    <ClCompile Include="my_triangle_intersect.cpp">
      <Filter>algorithm</Filter>
    </ClCompile>
    <ClCompile Include="calculateDynamicAccuracy.cpp">
      <Filter>algorithm</Filter>
    </ClCompile>
  </ItemGroup>
  <ItemGroup>
    <ClInclude Include="pch.h">
      <Filter>common</Filter>
    </ClInclude>
    <ClInclude Include="calculateDataTree.h">
      <Filter>algorithm</Filter>
    </ClInclude>
    <ClInclude Include="calculatePolyhedron.h">
      <Filter>algorithm</Filter>
    </ClInclude>
    <ClInclude Include="calculateTriangle.h">
      <Filter>algorithm</Filter>
    </ClInclude>
    <ClInclude Include="calculateVertorMatrix.h">
      <Filter>algorithm</Filter>
    </ClInclude>
    <ClInclude Include="my_triangle_intersect.h">
      <Filter>algorithm</Filter>
    </ClInclude>
    <ClInclude Include="Poject_CAL_API.h">
      <Filter>common</Filter>
    </ClInclude>
    <ClInclude Include="calculateDynamicAccuracy.h">
      <Filter>algorithm</Filter>
    </ClInclude>
    <ClInclude Include="clashTypeDefine.h">
      <Filter>algorithm</Filter>
    </ClInclude>
  </ItemGroup>
</Project>